<Solution>
  <Folder Name="/src/" />
  <Folder Name="/src/backend/">
    <Project Path="src/backend/UserManagement.Application/UserManagement.Application.csproj" />
    <Project Path="src/backend/UserManagement.Domain/UserManagement.Domain.csproj" />
    <Project Path="src/backend/UserManagement.Infrastructure/UserManagement.Infrastructure.csproj" />
    <Project Path="src/backend/UserManagement.WebApi/UserManagement.WebApi.csproj" />
  </Folder>
  <Folder Name="/src/frontend/" />
  <Folder Name="/tests/">
    <Project Path="tests/UserManagement.Application.Tests/UserManagement.Application.Tests.csproj" />
    <Project Path="tests/UserManagement.WebApi.Tests/UserManagement.WebApi.Tests.csproj" />
  </Folder>
</Solution>
